
Microsoft Visual Studio Solution File, Format Version 12.00
# Visual Studio 14
VisualStudioVersion = 14.0.25420.1
MinimumVisualStudioVersion = 10.0.40219.1
Project("{FAE04EC0-301F-11D3-BF4B-00C04F79EFBC}") = "XamarinSQL.Droid", "XamarinSQL\XamarinSQL.Droid\XamarinSQL.Droid.csproj", "{E6D40FD2-3FB2-46A2-9A1C-7B5F058C00D6}"
EndProject
Project("{FAE04EC0-301F-11D3-BF4B-00C04F79EFBC}") = "XamarinSQL.iOS", "XamarinSQL\XamarinSQL.iOS\XamarinSQL.iOS.csproj", "{CCF36B1A-8BFF-44DD-8149-9049B95CE6DE}"
EndProject
Project("{FAE04EC0-301F-11D3-BF4B-00C04F79EFBC}") = "XamarinSQL.WinPhone", "XamarinSQL\XamarinSQL.WinPhone\XamarinSQL.WinPhone.csproj", "{80850E61-D70D-49DB-B1D7-10E2C6344274}"
EndProject
Project("{FAE04EC0-301F-11D3-BF4B-00C04F79EFBC}") = "XamarinSQL.UWP", "XamarinSQL\XamarinSQL.UWP\XamarinSQL.UWP.csproj", "{AD11D2E1-141D-4791-B9BC-16768011D3C9}"
EndProject
Project("{FAE04EC0-301F-11D3-BF4B-00C04F79EFBC}") = "XamarinSQL.Windows", "XamarinSQL\XamarinSQL.Windows\XamarinSQL.Windows.csproj", "{6BFAEAD5-2638-427E-BDC3-6C1A93D6F872}"
EndProject
Project("{D954291E-2A0B-460D-934E-DC6B0785DB48}") = "XamarinSQL", "XamarinSQL\XamarinSQL\XamarinSQL.shproj", "{615B8315-7FFC-4113-B280-72916A5F16D2}"
EndProject
Global
	GlobalSection(SharedMSBuildProjectFiles) = preSolution
		XamarinSQL\XamarinSQL\XamarinSQL.projitems*{615b8315-7ffc-4113-b280-72916a5f16d2}*SharedItemsImports = 13
		XamarinSQL\XamarinSQL\XamarinSQL.projitems*{6bfaead5-2638-427e-bdc3-6c1a93d6f872}*SharedItemsImports = 4
		XamarinSQL\XamarinSQL\XamarinSQL.projitems*{80850e61-d70d-49db-b1d7-10e2c6344274}*SharedItemsImports = 4
		XamarinSQL\XamarinSQL\XamarinSQL.projitems*{ad11d2e1-141d-4791-b9bc-16768011d3c9}*SharedItemsImports = 4
		XamarinSQL\XamarinSQL\XamarinSQL.projitems*{ccf36b1a-8bff-44dd-8149-9049b95ce6de}*SharedItemsImports = 4
		XamarinSQL\XamarinSQL\XamarinSQL.projitems*{e6d40fd2-3fb2-46a2-9a1c-7b5f058c00d6}*SharedItemsImports = 4
	EndGlobalSection
	GlobalSection(SolutionConfigurationPlatforms) = preSolution
		Ad-Hoc|Any CPU = Ad-Hoc|Any CPU
		Ad-Hoc|ARM = Ad-Hoc|ARM
		Ad-Hoc|iPhone = Ad-Hoc|iPhone
		Ad-Hoc|iPhoneSimulator = Ad-Hoc|iPhoneSimulator
		Ad-Hoc|x64 = Ad-Hoc|x64
		Ad-Hoc|x86 = Ad-Hoc|x86
		AppStore|Any CPU = AppStore|Any CPU
		AppStore|ARM = AppStore|ARM
		AppStore|iPhone = AppStore|iPhone
		AppStore|iPhoneSimulator = AppStore|iPhoneSimulator
		AppStore|x64 = AppStore|x64
		AppStore|x86 = AppStore|x86
		Debug|Any CPU = Debug|Any CPU
		Debug|ARM = Debug|ARM
		Debug|iPhone = Debug|iPhone
		Debug|iPhoneSimulator = Debug|iPhoneSimulator
		Debug|x64 = Debug|x64
		Debug|x86 = Debug|x86
		Release|Any CPU = Release|Any CPU
		Release|ARM = Release|ARM
		Release|iPhone = Release|iPhone
		Release|iPhoneSimulator = Release|iPhoneSimulator
		Release|x64 = Release|x64
		Release|x86 = Release|x86
	EndGlobalSection
	GlobalSection(ProjectConfigurationPlatforms) = postSolution
		{E6D40FD2-3FB2-46A2-9A1C-7B5F058C00D6}.Ad-Hoc|Any CPU.ActiveCfg = Release|Any CPU
		{E6D40FD2-3FB2-46A2-9A1C-7B5F058C00D6}.Ad-Hoc|Any CPU.Build.0 = Release|Any CPU
		{E6D40FD2-3FB2-46A2-9A1C-7B5F058C00D6}.Ad-Hoc|Any CPU.Deploy.0 = Release|Any CPU
		{E6D40FD2-3FB2-46A2-9A1C-7B5F058C00D6}.Ad-Hoc|ARM.ActiveCfg = Release|Any CPU
		{E6D40FD2-3FB2-46A2-9A1C-7B5F058C00D6}.Ad-Hoc|ARM.Build.0 = Release|Any CPU
		{E6D40FD2-3FB2-46A2-9A1C-7B5F058C00D6}.Ad-Hoc|ARM.Deploy.0 = Release|Any CPU
		{E6D40FD2-3FB2-46A2-9A1C-7B5F058C00D6}.Ad-Hoc|iPhone.ActiveCfg = Release|Any CPU
		{E6D40FD2-3FB2-46A2-9A1C-7B5F058C00D6}.Ad-Hoc|iPhone.Build.0 = Release|Any CPU
		{E6D40FD2-3FB2-46A2-9A1C-7B5F058C00D6}.Ad-Hoc|iPhone.Deploy.0 = Release|Any CPU
		{E6D40FD2-3FB2-46A2-9A1C-7B5F058C00D6}.Ad-Hoc|iPhoneSimulator.ActiveCfg = Release|Any CPU
		{E6D40FD2-3FB2-46A2-9A1C-7B5F058C00D6}.Ad-Hoc|iPhoneSimulator.Build.0 = Release|Any CPU
		{E6D40FD2-3FB2-46A2-9A1C-7B5F058C00D6}.Ad-Hoc|iPhoneSimulator.Deploy.0 = Release|Any CPU
		{E6D40FD2-3FB2-46A2-9A1C-7B5F058C00D6}.Ad-Hoc|x64.ActiveCfg = Release|Any CPU
		{E6D40FD2-3FB2-46A2-9A1C-7B5F058C00D6}.Ad-Hoc|x64.Build.0 = Release|Any CPU
		{E6D40FD2-3FB2-46A2-9A1C-7B5F058C00D6}.Ad-Hoc|x64.Deploy.0 = Release|Any CPU
		{E6D40FD2-3FB2-46A2-9A1C-7B5F058C00D6}.Ad-Hoc|x86.ActiveCfg = Release|Any CPU
		{E6D40FD2-3FB2-46A2-9A1C-7B5F058C00D6}.Ad-Hoc|x86.Build.0 = Release|Any CPU
		{E6D40FD2-3FB2-46A2-9A1C-7B5F058C00D6}.Ad-Hoc|x86.Deploy.0 = Release|Any CPU
		{E6D40FD2-3FB2-46A2-9A1C-7B5F058C00D6}.AppStore|Any CPU.ActiveCfg = Release|Any CPU
		{E6D40FD2-3FB2-46A2-9A1C-7B5F058C00D6}.AppStore|Any CPU.Build.0 = Release|Any CPU
		{E6D40FD2-3FB2-46A2-9A1C-7B5F058C00D6}.AppStore|Any CPU.Deploy.0 = Release|Any CPU
		{E6D40FD2-3FB2-46A2-9A1C-7B5F058C00D6}.AppStore|ARM.ActiveCfg = Release|Any CPU
		{E6D40FD2-3FB2-46A2-9A1C-7B5F058C00D6}.AppStore|ARM.Build.0 = Release|Any CPU
		{E6D40FD2-3FB2-46A2-9A1C-7B5F058C00D6}.AppStore|ARM.Deploy.0 = Release|Any CPU
		{E6D40FD2-3FB2-46A2-9A1C-7B5F058C00D6}.AppStore|iPhone.ActiveCfg = Release|Any CPU
		{E6D40FD2-3FB2-46A2-9A1C-7B5F058C00D6}.AppStore|iPhone.Build.0 = Release|Any CPU
		{E6D40FD2-3FB2-46A2-9A1C-7B5F058C00D6}.AppStore|iPhone.Deploy.0 = Release|Any CPU
		{E6D40FD2-3FB2-46A2-9A1C-7B5F058C00D6}.AppStore|iPhoneSimulator.ActiveCfg = Release|Any CPU
		{E6D40FD2-3FB2-46A2-9A1C-7B5F058C00D6}.AppStore|iPhoneSimulator.Build.0 = Release|Any CPU
		{E6D40FD2-3FB2-46A2-9A1C-7B5F058C00D6}.AppStore|iPhoneSimulator.Deploy.0 = Release|Any CPU
		{E6D40FD2-3FB2-46A2-9A1C-7B5F058C00D6}.AppStore|x64.ActiveCfg = Release|Any CPU
		{E6D40FD2-3FB2-46A2-9A1C-7B5F058C00D6}.AppStore|x64.Build.0 = Release|Any CPU
		{E6D40FD2-3FB2-46A2-9A1C-7B5F058C00D6}.AppStore|x64.Deploy.0 = Release|Any CPU
		{E6D40FD2-3FB2-46A2-9A1C-7B5F058C00D6}.AppStore|x86.ActiveCfg = Release|Any CPU
		{E6D40FD2-3FB2-46A2-9A1C-7B5F058C00D6}.AppStore|x86.Build.0 = Release|Any CPU
		{E6D40FD2-3FB2-46A2-9A1C-7B5F058C00D6}.AppStore|x86.Deploy.0 = Release|Any CPU
		{E6D40FD2-3FB2-46A2-9A1C-7B5F058C00D6}.Debug|Any CPU.ActiveCfg = Debug|Any CPU
		{E6D40FD2-3FB2-46A2-9A1C-7B5F058C00D6}.Debug|Any CPU.Build.0 = Debug|Any CPU
		{E6D40FD2-3FB2-46A2-9A1C-7B5F058C00D6}.Debug|Any CPU.Deploy.0 = Debug|Any CPU
		{E6D40FD2-3FB2-46A2-9A1C-7B5F058C00D6}.Debug|ARM.ActiveCfg = Debug|Any CPU
		{E6D40FD2-3FB2-46A2-9A1C-7B5F058C00D6}.Debug|ARM.Build.0 = Debug|Any CPU
		{E6D40FD2-3FB2-46A2-9A1C-7B5F058C00D6}.Debug|ARM.Deploy.0 = Debug|Any CPU
		{E6D40FD2-3FB2-46A2-9A1C-7B5F058C00D6}.Debug|iPhone.ActiveCfg = Debug|Any CPU
		{E6D40FD2-3FB2-46A2-9A1C-7B5F058C00D6}.Debug|iPhone.Build.0 = Debug|Any CPU
		{E6D40FD2-3FB2-46A2-9A1C-7B5F058C00D6}.Debug|iPhone.Deploy.0 = Debug|Any CPU
		{E6D40FD2-3FB2-46A2-9A1C-7B5F058C00D6}.Debug|iPhoneSimulator.ActiveCfg = Debug|Any CPU
		{E6D40FD2-3FB2-46A2-9A1C-7B5F058C00D6}.Debug|iPhoneSimulator.Build.0 = Debug|Any CPU
		{E6D40FD2-3FB2-46A2-9A1C-7B5F058C00D6}.Debug|iPhoneSimulator.Deploy.0 = Debug|Any CPU
		{E6D40FD2-3FB2-46A2-9A1C-7B5F058C00D6}.Debug|x64.ActiveCfg = Debug|Any CPU
		{E6D40FD2-3FB2-46A2-9A1C-7B5F058C00D6}.Debug|x64.Build.0 = Debug|Any CPU
		{E6D40FD2-3FB2-46A2-9A1C-7B5F058C00D6}.Debug|x64.Deploy.0 = Debug|Any CPU
		{E6D40FD2-3FB2-46A2-9A1C-7B5F058C00D6}.Debug|x86.ActiveCfg = Debug|Any CPU
		{E6D40FD2-3FB2-46A2-9A1C-7B5F058C00D6}.Debug|x86.Build.0 = Debug|Any CPU
		{E6D40FD2-3FB2-46A2-9A1C-7B5F058C00D6}.Debug|x86.Deploy.0 = Debug|Any CPU
		{E6D40FD2-3FB2-46A2-9A1C-7B5F058C00D6}.Release|Any CPU.ActiveCfg = Release|Any CPU
		{E6D40FD2-3FB2-46A2-9A1C-7B5F058C00D6}.Release|Any CPU.Build.0 = Release|Any CPU
		{E6D40FD2-3FB2-46A2-9A1C-7B5F058C00D6}.Release|Any CPU.Deploy.0 = Release|Any CPU
		{E6D40FD2-3FB2-46A2-9A1C-7B5F058C00D6}.Release|ARM.ActiveCfg = Release|Any CPU
		{E6D40FD2-3FB2-46A2-9A1C-7B5F058C00D6}.Release|ARM.Build.0 = Release|Any CPU
		{E6D40FD2-3FB2-46A2-9A1C-7B5F058C00D6}.Release|ARM.Deploy.0 = Release|Any CPU
		{E6D40FD2-3FB2-46A2-9A1C-7B5F058C00D6}.Release|iPhone.ActiveCfg = Release|Any CPU
		{E6D40FD2-3FB2-46A2-9A1C-7B5F058C00D6}.Release|iPhone.Build.0 = Release|Any CPU
		{E6D40FD2-3FB2-46A2-9A1C-7B5F058C00D6}.Release|iPhone.Deploy.0 = Release|Any CPU
		{E6D40FD2-3FB2-46A2-9A1C-7B5F058C00D6}.Release|iPhoneSimulator.ActiveCfg = Release|Any CPU
		{E6D40FD2-3FB2-46A2-9A1C-7B5F058C00D6}.Release|iPhoneSimulator.Build.0 = Release|Any CPU
		{E6D40FD2-3FB2-46A2-9A1C-7B5F058C00D6}.Release|iPhoneSimulator.Deploy.0 = Release|Any CPU
		{E6D40FD2-3FB2-46A2-9A1C-7B5F058C00D6}.Release|x64.ActiveCfg = Release|Any CPU
		{E6D40FD2-3FB2-46A2-9A1C-7B5F058C00D6}.Release|x64.Build.0 = Release|Any CPU
		{E6D40FD2-3FB2-46A2-9A1C-7B5F058C00D6}.Release|x64.Deploy.0 = Release|Any CPU
		{E6D40FD2-3FB2-46A2-9A1C-7B5F058C00D6}.Release|x86.ActiveCfg = Release|Any CPU
		{E6D40FD2-3FB2-46A2-9A1C-7B5F058C00D6}.Release|x86.Build.0 = Release|Any CPU
		{E6D40FD2-3FB2-46A2-9A1C-7B5F058C00D6}.Release|x86.Deploy.0 = Release|Any CPU
		{CCF36B1A-8BFF-44DD-8149-9049B95CE6DE}.Ad-Hoc|Any CPU.ActiveCfg = Ad-Hoc|iPhone
		{CCF36B1A-8BFF-44DD-8149-9049B95CE6DE}.Ad-Hoc|ARM.ActiveCfg = Ad-Hoc|iPhone
		{CCF36B1A-8BFF-44DD-8149-9049B95CE6DE}.Ad-Hoc|iPhone.ActiveCfg = Ad-Hoc|iPhone
		{CCF36B1A-8BFF-44DD-8149-9049B95CE6DE}.Ad-Hoc|iPhone.Build.0 = Ad-Hoc|iPhone
		{CCF36B1A-8BFF-44DD-8149-9049B95CE6DE}.Ad-Hoc|iPhoneSimulator.ActiveCfg = Ad-Hoc|iPhoneSimulator
		{CCF36B1A-8BFF-44DD-8149-9049B95CE6DE}.Ad-Hoc|iPhoneSimulator.Build.0 = Ad-Hoc|iPhoneSimulator
		{CCF36B1A-8BFF-44DD-8149-9049B95CE6DE}.Ad-Hoc|x64.ActiveCfg = Ad-Hoc|iPhone
		{CCF36B1A-8BFF-44DD-8149-9049B95CE6DE}.Ad-Hoc|x86.ActiveCfg = Ad-Hoc|iPhone
		{CCF36B1A-8BFF-44DD-8149-9049B95CE6DE}.AppStore|Any CPU.ActiveCfg = AppStore|iPhone
		{CCF36B1A-8BFF-44DD-8149-9049B95CE6DE}.AppStore|ARM.ActiveCfg = AppStore|iPhone
		{CCF36B1A-8BFF-44DD-8149-9049B95CE6DE}.AppStore|iPhone.ActiveCfg = AppStore|iPhone
		{CCF36B1A-8BFF-44DD-8149-9049B95CE6DE}.AppStore|iPhone.Build.0 = AppStore|iPhone
		{CCF36B1A-8BFF-44DD-8149-9049B95CE6DE}.AppStore|iPhoneSimulator.ActiveCfg = AppStore|iPhoneSimulator
		{CCF36B1A-8BFF-44DD-8149-9049B95CE6DE}.AppStore|iPhoneSimulator.Build.0 = AppStore|iPhoneSimulator
		{CCF36B1A-8BFF-44DD-8149-9049B95CE6DE}.AppStore|x64.ActiveCfg = AppStore|iPhone
		{CCF36B1A-8BFF-44DD-8149-9049B95CE6DE}.AppStore|x86.ActiveCfg = AppStore|iPhone
		{CCF36B1A-8BFF-44DD-8149-9049B95CE6DE}.Debug|Any CPU.ActiveCfg = Debug|iPhone
		{CCF36B1A-8BFF-44DD-8149-9049B95CE6DE}.Debug|ARM.ActiveCfg = Debug|iPhone
		{CCF36B1A-8BFF-44DD-8149-9049B95CE6DE}.Debug|iPhone.ActiveCfg = Debug|iPhone
		{CCF36B1A-8BFF-44DD-8149-9049B95CE6DE}.Debug|iPhone.Build.0 = Debug|iPhone
		{CCF36B1A-8BFF-44DD-8149-9049B95CE6DE}.Debug|iPhoneSimulator.ActiveCfg = Debug|iPhoneSimulator
		{CCF36B1A-8BFF-44DD-8149-9049B95CE6DE}.Debug|iPhoneSimulator.Build.0 = Debug|iPhoneSimulator
		{CCF36B1A-8BFF-44DD-8149-9049B95CE6DE}.Debug|x64.ActiveCfg = Debug|iPhone
		{CCF36B1A-8BFF-44DD-8149-9049B95CE6DE}.Debug|x86.ActiveCfg = Debug|iPhone
		{CCF36B1A-8BFF-44DD-8149-9049B95CE6DE}.Release|Any CPU.ActiveCfg = Release|iPhone
		{CCF36B1A-8BFF-44DD-8149-9049B95CE6DE}.Release|ARM.ActiveCfg = Release|iPhone
		{CCF36B1A-8BFF-44DD-8149-9049B95CE6DE}.Release|iPhone.ActiveCfg = Release|iPhone
		{CCF36B1A-8BFF-44DD-8149-9049B95CE6DE}.Release|iPhone.Build.0 = Release|iPhone
		{CCF36B1A-8BFF-44DD-8149-9049B95CE6DE}.Release|iPhoneSimulator.ActiveCfg = Release|iPhoneSimulator
		{CCF36B1A-8BFF-44DD-8149-9049B95CE6DE}.Release|iPhoneSimulator.Build.0 = Release|iPhoneSimulator
		{CCF36B1A-8BFF-44DD-8149-9049B95CE6DE}.Release|x64.ActiveCfg = Release|iPhone
		{CCF36B1A-8BFF-44DD-8149-9049B95CE6DE}.Release|x86.ActiveCfg = Release|iPhone
		{80850E61-D70D-49DB-B1D7-10E2C6344274}.Ad-Hoc|Any CPU.ActiveCfg = Release|Any CPU
		{80850E61-D70D-49DB-B1D7-10E2C6344274}.Ad-Hoc|Any CPU.Build.0 = Release|Any CPU
		{80850E61-D70D-49DB-B1D7-10E2C6344274}.Ad-Hoc|Any CPU.Deploy.0 = Release|Any CPU
		{80850E61-D70D-49DB-B1D7-10E2C6344274}.Ad-Hoc|ARM.ActiveCfg = Release|ARM
		{80850E61-D70D-49DB-B1D7-10E2C6344274}.Ad-Hoc|ARM.Build.0 = Release|ARM
		{80850E61-D70D-49DB-B1D7-10E2C6344274}.Ad-Hoc|ARM.Deploy.0 = Release|ARM
		{80850E61-D70D-49DB-B1D7-10E2C6344274}.Ad-Hoc|iPhone.ActiveCfg = Release|Any CPU
		{80850E61-D70D-49DB-B1D7-10E2C6344274}.Ad-Hoc|iPhone.Build.0 = Release|Any CPU
		{80850E61-D70D-49DB-B1D7-10E2C6344274}.Ad-Hoc|iPhone.Deploy.0 = Release|Any CPU
		{80850E61-D70D-49DB-B1D7-10E2C6344274}.Ad-Hoc|iPhoneSimulator.ActiveCfg = Release|Any CPU
		{80850E61-D70D-49DB-B1D7-10E2C6344274}.Ad-Hoc|iPhoneSimulator.Build.0 = Release|Any CPU
		{80850E61-D70D-49DB-B1D7-10E2C6344274}.Ad-Hoc|iPhoneSimulator.Deploy.0 = Release|Any CPU
		{80850E61-D70D-49DB-B1D7-10E2C6344274}.Ad-Hoc|x64.ActiveCfg = Release|Any CPU
		{80850E61-D70D-49DB-B1D7-10E2C6344274}.Ad-Hoc|x64.Build.0 = Release|Any CPU
		{80850E61-D70D-49DB-B1D7-10E2C6344274}.Ad-Hoc|x64.Deploy.0 = Release|Any CPU
		{80850E61-D70D-49DB-B1D7-10E2C6344274}.Ad-Hoc|x86.ActiveCfg = Release|x86
		{80850E61-D70D-49DB-B1D7-10E2C6344274}.Ad-Hoc|x86.Build.0 = Release|x86
		{80850E61-D70D-49DB-B1D7-10E2C6344274}.Ad-Hoc|x86.Deploy.0 = Release|x86
		{80850E61-D70D-49DB-B1D7-10E2C6344274}.AppStore|Any CPU.ActiveCfg = Release|Any CPU
		{80850E61-D70D-49DB-B1D7-10E2C6344274}.AppStore|Any CPU.Build.0 = Release|Any CPU
		{80850E61-D70D-49DB-B1D7-10E2C6344274}.AppStore|Any CPU.Deploy.0 = Release|Any CPU
		{80850E61-D70D-49DB-B1D7-10E2C6344274}.AppStore|ARM.ActiveCfg = Release|ARM
		{80850E61-D70D-49DB-B1D7-10E2C6344274}.AppStore|ARM.Build.0 = Release|ARM
		{80850E61-D70D-49DB-B1D7-10E2C6344274}.AppStore|ARM.Deploy.0 = Release|ARM
		{80850E61-D70D-49DB-B1D7-10E2C6344274}.AppStore|iPhone.ActiveCfg = Release|Any CPU
		{80850E61-D70D-49DB-B1D7-10E2C6344274}.AppStore|iPhone.Build.0 = Release|Any CPU
		{80850E61-D70D-49DB-B1D7-10E2C6344274}.AppStore|iPhone.Deploy.0 = Release|Any CPU
		{80850E61-D70D-49DB-B1D7-10E2C6344274}.AppStore|iPhoneSimulator.ActiveCfg = Release|Any CPU
		{80850E61-D70D-49DB-B1D7-10E2C6344274}.AppStore|iPhoneSimulator.Build.0 = Release|Any CPU
		{80850E61-D70D-49DB-B1D7-10E2C6344274}.AppStore|iPhoneSimulator.Deploy.0 = Release|Any CPU
		{80850E61-D70D-49DB-B1D7-10E2C6344274}.AppStore|x64.ActiveCfg = Release|Any CPU
		{80850E61-D70D-49DB-B1D7-10E2C6344274}.AppStore|x64.Build.0 = Release|Any CPU
		{80850E61-D70D-49DB-B1D7-10E2C6344274}.AppStore|x64.Deploy.0 = Release|Any CPU
		{80850E61-D70D-49DB-B1D7-10E2C6344274}.AppStore|x86.ActiveCfg = Release|x86
		{80850E61-D70D-49DB-B1D7-10E2C6344274}.AppStore|x86.Build.0 = Release|x86
		{80850E61-D70D-49DB-B1D7-10E2C6344274}.AppStore|x86.Deploy.0 = Release|x86
		{80850E61-D70D-49DB-B1D7-10E2C6344274}.Debug|Any CPU.ActiveCfg = Debug|Any CPU
		{80850E61-D70D-49DB-B1D7-10E2C6344274}.Debug|Any CPU.Build.0 = Debug|Any CPU
		{80850E61-D70D-49DB-B1D7-10E2C6344274}.Debug|Any CPU.Deploy.0 = Debug|Any CPU
		{80850E61-D70D-49DB-B1D7-10E2C6344274}.Debug|ARM.ActiveCfg = Debug|ARM
		{80850E61-D70D-49DB-B1D7-10E2C6344274}.Debug|ARM.Build.0 = Debug|ARM
		{80850E61-D70D-49DB-B1D7-10E2C6344274}.Debug|ARM.Deploy.0 = Debug|ARM
		{80850E61-D70D-49DB-B1D7-10E2C6344274}.Debug|iPhone.ActiveCfg = Debug|Any CPU
		{80850E61-D70D-49DB-B1D7-10E2C6344274}.Debug|iPhone.Build.0 = Debug|Any CPU
		{80850E61-D70D-49DB-B1D7-10E2C6344274}.Debug|iPhone.Deploy.0 = Debug|Any CPU
		{80850E61-D70D-49DB-B1D7-10E2C6344274}.Debug|iPhoneSimulator.ActiveCfg = Debug|Any CPU
		{80850E61-D70D-49DB-B1D7-10E2C6344274}.Debug|iPhoneSimulator.Build.0 = Debug|Any CPU
		{80850E61-D70D-49DB-B1D7-10E2C6344274}.Debug|iPhoneSimulator.Deploy.0 = Debug|Any CPU
		{80850E61-D70D-49DB-B1D7-10E2C6344274}.Debug|x64.ActiveCfg = Debug|Any CPU
		{80850E61-D70D-49DB-B1D7-10E2C6344274}.Debug|x64.Build.0 = Debug|Any CPU
		{80850E61-D70D-49DB-B1D7-10E2C6344274}.Debug|x64.Deploy.0 = Debug|Any CPU
		{80850E61-D70D-49DB-B1D7-10E2C6344274}.Debug|x86.ActiveCfg = Debug|x86
		{80850E61-D70D-49DB-B1D7-10E2C6344274}.Debug|x86.Build.0 = Debug|x86
		{80850E61-D70D-49DB-B1D7-10E2C6344274}.Debug|x86.Deploy.0 = Debug|x86
		{80850E61-D70D-49DB-B1D7-10E2C6344274}.Release|Any CPU.ActiveCfg = Release|Any CPU
		{80850E61-D70D-49DB-B1D7-10E2C6344274}.Release|Any CPU.Build.0 = Release|Any CPU
		{80850E61-D70D-49DB-B1D7-10E2C6344274}.Release|Any CPU.Deploy.0 = Release|Any CPU
		{80850E61-D70D-49DB-B1D7-10E2C6344274}.Release|ARM.ActiveCfg = Release|ARM
		{80850E61-D70D-49DB-B1D7-10E2C6344274}.Release|ARM.Build.0 = Release|ARM
		{80850E61-D70D-49DB-B1D7-10E2C6344274}.Release|ARM.Deploy.0 = Release|ARM
		{80850E61-D70D-49DB-B1D7-10E2C6344274}.Release|iPhone.ActiveCfg = Release|Any CPU
		{80850E61-D70D-49DB-B1D7-10E2C6344274}.Release|iPhone.Build.0 = Release|Any CPU
		{80850E61-D70D-49DB-B1D7-10E2C6344274}.Release|iPhone.Deploy.0 = Release|Any CPU
		{80850E61-D70D-49DB-B1D7-10E2C6344274}.Release|iPhoneSimulator.ActiveCfg = Release|Any CPU
		{80850E61-D70D-49DB-B1D7-10E2C6344274}.Release|iPhoneSimulator.Build.0 = Release|Any CPU
		{80850E61-D70D-49DB-B1D7-10E2C6344274}.Release|iPhoneSimulator.Deploy.0 = Release|Any CPU
		{80850E61-D70D-49DB-B1D7-10E2C6344274}.Release|x64.ActiveCfg = Release|Any CPU
		{80850E61-D70D-49DB-B1D7-10E2C6344274}.Release|x64.Build.0 = Release|Any CPU
		{80850E61-D70D-49DB-B1D7-10E2C6344274}.Release|x64.Deploy.0 = Release|Any CPU
		{80850E61-D70D-49DB-B1D7-10E2C6344274}.Release|x86.ActiveCfg = Release|x86
		{80850E61-D70D-49DB-B1D7-10E2C6344274}.Release|x86.Build.0 = Release|x86
		{80850E61-D70D-49DB-B1D7-10E2C6344274}.Release|x86.Deploy.0 = Release|x86
		{AD11D2E1-141D-4791-B9BC-16768011D3C9}.Ad-Hoc|Any CPU.ActiveCfg = Release|x86
		{AD11D2E1-141D-4791-B9BC-16768011D3C9}.Ad-Hoc|Any CPU.Build.0 = Release|x86
		{AD11D2E1-141D-4791-B9BC-16768011D3C9}.Ad-Hoc|Any CPU.Deploy.0 = Release|x86
		{AD11D2E1-141D-4791-B9BC-16768011D3C9}.Ad-Hoc|ARM.ActiveCfg = Release|ARM
		{AD11D2E1-141D-4791-B9BC-16768011D3C9}.Ad-Hoc|ARM.Build.0 = Release|ARM
		{AD11D2E1-141D-4791-B9BC-16768011D3C9}.Ad-Hoc|ARM.Deploy.0 = Release|ARM
		{AD11D2E1-141D-4791-B9BC-16768011D3C9}.Ad-Hoc|iPhone.ActiveCfg = Release|x86
		{AD11D2E1-141D-4791-B9BC-16768011D3C9}.Ad-Hoc|iPhone.Build.0 = Release|x86
		{AD11D2E1-141D-4791-B9BC-16768011D3C9}.Ad-Hoc|iPhone.Deploy.0 = Release|x86
		{AD11D2E1-141D-4791-B9BC-16768011D3C9}.Ad-Hoc|iPhoneSimulator.ActiveCfg = Release|x86
		{AD11D2E1-141D-4791-B9BC-16768011D3C9}.Ad-Hoc|iPhoneSimulator.Build.0 = Release|x86
		{AD11D2E1-141D-4791-B9BC-16768011D3C9}.Ad-Hoc|iPhoneSimulator.Deploy.0 = Release|x86
		{AD11D2E1-141D-4791-B9BC-16768011D3C9}.Ad-Hoc|x64.ActiveCfg = Release|x64
		{AD11D2E1-141D-4791-B9BC-16768011D3C9}.Ad-Hoc|x64.Build.0 = Release|x64
		{AD11D2E1-141D-4791-B9BC-16768011D3C9}.Ad-Hoc|x64.Deploy.0 = Release|x64
		{AD11D2E1-141D-4791-B9BC-16768011D3C9}.Ad-Hoc|x86.ActiveCfg = Release|x86
		{AD11D2E1-141D-4791-B9BC-16768011D3C9}.Ad-Hoc|x86.Build.0 = Release|x86
		{AD11D2E1-141D-4791-B9BC-16768011D3C9}.Ad-Hoc|x86.Deploy.0 = Release|x86
		{AD11D2E1-141D-4791-B9BC-16768011D3C9}.AppStore|Any CPU.ActiveCfg = Release|x86
		{AD11D2E1-141D-4791-B9BC-16768011D3C9}.AppStore|Any CPU.Build.0 = Release|x86
		{AD11D2E1-141D-4791-B9BC-16768011D3C9}.AppStore|Any CPU.Deploy.0 = Release|x86
		{AD11D2E1-141D-4791-B9BC-16768011D3C9}.AppStore|ARM.ActiveCfg = Release|ARM
		{AD11D2E1-141D-4791-B9BC-16768011D3C9}.AppStore|ARM.Build.0 = Release|ARM
		{AD11D2E1-141D-4791-B9BC-16768011D3C9}.AppStore|ARM.Deploy.0 = Release|ARM
		{AD11D2E1-141D-4791-B9BC-16768011D3C9}.AppStore|iPhone.ActiveCfg = Release|x86
		{AD11D2E1-141D-4791-B9BC-16768011D3C9}.AppStore|iPhone.Build.0 = Release|x86
		{AD11D2E1-141D-4791-B9BC-16768011D3C9}.AppStore|iPhone.Deploy.0 = Release|x86
		{AD11D2E1-141D-4791-B9BC-16768011D3C9}.AppStore|iPhoneSimulator.ActiveCfg = Release|x86
		{AD11D2E1-141D-4791-B9BC-16768011D3C9}.AppStore|iPhoneSimulator.Build.0 = Release|x86
		{AD11D2E1-141D-4791-B9BC-16768011D3C9}.AppStore|iPhoneSimulator.Deploy.0 = Release|x86
		{AD11D2E1-141D-4791-B9BC-16768011D3C9}.AppStore|x64.ActiveCfg = Release|x64
		{AD11D2E1-141D-4791-B9BC-16768011D3C9}.AppStore|x64.Build.0 = Release|x64
		{AD11D2E1-141D-4791-B9BC-16768011D3C9}.AppStore|x64.Deploy.0 = Release|x64
		{AD11D2E1-141D-4791-B9BC-16768011D3C9}.AppStore|x86.ActiveCfg = Release|x86
		{AD11D2E1-141D-4791-B9BC-16768011D3C9}.AppStore|x86.Build.0 = Release|x86
		{AD11D2E1-141D-4791-B9BC-16768011D3C9}.AppStore|x86.Deploy.0 = Release|x86
		{AD11D2E1-141D-4791-B9BC-16768011D3C9}.Debug|Any CPU.ActiveCfg = Debug|x86
		{AD11D2E1-141D-4791-B9BC-16768011D3C9}.Debug|ARM.ActiveCfg = Debug|ARM
		{AD11D2E1-141D-4791-B9BC-16768011D3C9}.Debug|ARM.Build.0 = Debug|ARM
		{AD11D2E1-141D-4791-B9BC-16768011D3C9}.Debug|ARM.Deploy.0 = Debug|ARM
		{AD11D2E1-141D-4791-B9BC-16768011D3C9}.Debug|iPhone.ActiveCfg = Debug|x86
		{AD11D2E1-141D-4791-B9BC-16768011D3C9}.Debug|iPhoneSimulator.ActiveCfg = Debug|x86
		{AD11D2E1-141D-4791-B9BC-16768011D3C9}.Debug|x64.ActiveCfg = Debug|x64
		{AD11D2E1-141D-4791-B9BC-16768011D3C9}.Debug|x64.Build.0 = Debug|x64
		{AD11D2E1-141D-4791-B9BC-16768011D3C9}.Debug|x64.Deploy.0 = Debug|x64
		{AD11D2E1-141D-4791-B9BC-16768011D3C9}.Debug|x86.ActiveCfg = Debug|x86
		{AD11D2E1-141D-4791-B9BC-16768011D3C9}.Debug|x86.Build.0 = Debug|x86
		{AD11D2E1-141D-4791-B9BC-16768011D3C9}.Debug|x86.Deploy.0 = Debug|x86
		{AD11D2E1-141D-4791-B9BC-16768011D3C9}.Release|Any CPU.ActiveCfg = Release|x86
		{AD11D2E1-141D-4791-B9BC-16768011D3C9}.Release|ARM.ActiveCfg = Release|ARM
		{AD11D2E1-141D-4791-B9BC-16768011D3C9}.Release|ARM.Build.0 = Release|ARM
		{AD11D2E1-141D-4791-B9BC-16768011D3C9}.Release|ARM.Deploy.0 = Release|ARM
		{AD11D2E1-141D-4791-B9BC-16768011D3C9}.Release|iPhone.ActiveCfg = Release|x86
		{AD11D2E1-141D-4791-B9BC-16768011D3C9}.Release|iPhoneSimulator.ActiveCfg = Release|x86
		{AD11D2E1-141D-4791-B9BC-16768011D3C9}.Release|x64.ActiveCfg = Release|x64
		{AD11D2E1-141D-4791-B9BC-16768011D3C9}.Release|x64.Build.0 = Release|x64
		{AD11D2E1-141D-4791-B9BC-16768011D3C9}.Release|x64.Deploy.0 = Release|x64
		{AD11D2E1-141D-4791-B9BC-16768011D3C9}.Release|x86.ActiveCfg = Release|x86
		{AD11D2E1-141D-4791-B9BC-16768011D3C9}.Release|x86.Build.0 = Release|x86
		{AD11D2E1-141D-4791-B9BC-16768011D3C9}.Release|x86.Deploy.0 = Release|x86
		{6BFAEAD5-2638-427E-BDC3-6C1A93D6F872}.Ad-Hoc|Any CPU.ActiveCfg = Release|Any CPU
		{6BFAEAD5-2638-427E-BDC3-6C1A93D6F872}.Ad-Hoc|Any CPU.Build.0 = Release|Any CPU
		{6BFAEAD5-2638-427E-BDC3-6C1A93D6F872}.Ad-Hoc|Any CPU.Deploy.0 = Release|Any CPU
		{6BFAEAD5-2638-427E-BDC3-6C1A93D6F872}.Ad-Hoc|ARM.ActiveCfg = Release|ARM
		{6BFAEAD5-2638-427E-BDC3-6C1A93D6F872}.Ad-Hoc|ARM.Build.0 = Release|ARM
		{6BFAEAD5-2638-427E-BDC3-6C1A93D6F872}.Ad-Hoc|ARM.Deploy.0 = Release|ARM
		{6BFAEAD5-2638-427E-BDC3-6C1A93D6F872}.Ad-Hoc|iPhone.ActiveCfg = Release|Any CPU
		{6BFAEAD5-2638-427E-BDC3-6C1A93D6F872}.Ad-Hoc|iPhone.Build.0 = Release|Any CPU
		{6BFAEAD5-2638-427E-BDC3-6C1A93D6F872}.Ad-Hoc|iPhone.Deploy.0 = Release|Any CPU
		{6BFAEAD5-2638-427E-BDC3-6C1A93D6F872}.Ad-Hoc|iPhoneSimulator.ActiveCfg = Release|Any CPU
		{6BFAEAD5-2638-427E-BDC3-6C1A93D6F872}.Ad-Hoc|iPhoneSimulator.Build.0 = Release|Any CPU
		{6BFAEAD5-2638-427E-BDC3-6C1A93D6F872}.Ad-Hoc|iPhoneSimulator.Deploy.0 = Release|Any CPU
		{6BFAEAD5-2638-427E-BDC3-6C1A93D6F872}.Ad-Hoc|x64.ActiveCfg = Release|x64
		{6BFAEAD5-2638-427E-BDC3-6C1A93D6F872}.Ad-Hoc|x64.Build.0 = Release|x64
		{6BFAEAD5-2638-427E-BDC3-6C1A93D6F872}.Ad-Hoc|x64.Deploy.0 = Release|x64
		{6BFAEAD5-2638-427E-BDC3-6C1A93D6F872}.Ad-Hoc|x86.ActiveCfg = Release|x86
		{6BFAEAD5-2638-427E-BDC3-6C1A93D6F872}.Ad-Hoc|x86.Build.0 = Release|x86
		{6BFAEAD5-2638-427E-BDC3-6C1A93D6F872}.Ad-Hoc|x86.Deploy.0 = Release|x86
		{6BFAEAD5-2638-427E-BDC3-6C1A93D6F872}.AppStore|Any CPU.ActiveCfg = Release|Any CPU
		{6BFAEAD5-2638-427E-BDC3-6C1A93D6F872}.AppStore|Any CPU.Build.0 = Release|Any CPU
		{6BFAEAD5-2638-427E-BDC3-6C1A93D6F872}.AppStore|Any CPU.Deploy.0 = Release|Any CPU
		{6BFAEAD5-2638-427E-BDC3-6C1A93D6F872}.AppStore|ARM.ActiveCfg = Release|ARM
		{6BFAEAD5-2638-427E-BDC3-6C1A93D6F872}.AppStore|ARM.Build.0 = Release|ARM
		{6BFAEAD5-2638-427E-BDC3-6C1A93D6F872}.AppStore|ARM.Deploy.0 = Release|ARM
		{6BFAEAD5-2638-427E-BDC3-6C1A93D6F872}.AppStore|iPhone.ActiveCfg = Release|Any CPU
		{6BFAEAD5-2638-427E-BDC3-6C1A93D6F872}.AppStore|iPhone.Build.0 = Release|Any CPU
		{6BFAEAD5-2638-427E-BDC3-6C1A93D6F872}.AppStore|iPhone.Deploy.0 = Release|Any CPU
		{6BFAEAD5-2638-427E-BDC3-6C1A93D6F872}.AppStore|iPhoneSimulator.ActiveCfg = Release|Any CPU
		{6BFAEAD5-2638-427E-BDC3-6C1A93D6F872}.AppStore|iPhoneSimulator.Build.0 = Release|Any CPU
		{6BFAEAD5-2638-427E-BDC3-6C1A93D6F872}.AppStore|iPhoneSimulator.Deploy.0 = Release|Any CPU
		{6BFAEAD5-2638-427E-BDC3-6C1A93D6F872}.AppStore|x64.ActiveCfg = Release|x64
		{6BFAEAD5-2638-427E-BDC3-6C1A93D6F872}.AppStore|x64.Build.0 = Release|x64
		{6BFAEAD5-2638-427E-BDC3-6C1A93D6F872}.AppStore|x64.Deploy.0 = Release|x64
		{6BFAEAD5-2638-427E-BDC3-6C1A93D6F872}.AppStore|x86.ActiveCfg = Release|x86
		{6BFAEAD5-2638-427E-BDC3-6C1A93D6F872}.AppStore|x86.Build.0 = Release|x86
		{6BFAEAD5-2638-427E-BDC3-6C1A93D6F872}.AppStore|x86.Deploy.0 = Release|x86
		{6BFAEAD5-2638-427E-BDC3-6C1A93D6F872}.Debug|Any CPU.ActiveCfg = Debug|Any CPU
		{6BFAEAD5-2638-427E-BDC3-6C1A93D6F872}.Debug|Any CPU.Build.0 = Debug|Any CPU
		{6BFAEAD5-2638-427E-BDC3-6C1A93D6F872}.Debug|Any CPU.Deploy.0 = Debug|Any CPU
		{6BFAEAD5-2638-427E-BDC3-6C1A93D6F872}.Debug|ARM.ActiveCfg = Debug|ARM
		{6BFAEAD5-2638-427E-BDC3-6C1A93D6F872}.Debug|ARM.Build.0 = Debug|ARM
		{6BFAEAD5-2638-427E-BDC3-6C1A93D6F872}.Debug|ARM.Deploy.0 = Debug|ARM
		{6BFAEAD5-2638-427E-BDC3-6C1A93D6F872}.Debug|iPhone.ActiveCfg = Debug|Any CPU
		{6BFAEAD5-2638-427E-BDC3-6C1A93D6F872}.Debug|iPhone.Build.0 = Debug|Any CPU
		{6BFAEAD5-2638-427E-BDC3-6C1A93D6F872}.Debug|iPhone.Deploy.0 = Debug|Any CPU
		{6BFAEAD5-2638-427E-BDC3-6C1A93D6F872}.Debug|iPhoneSimulator.ActiveCfg = Debug|Any CPU
		{6BFAEAD5-2638-427E-BDC3-6C1A93D6F872}.Debug|iPhoneSimulator.Build.0 = Debug|Any CPU
		{6BFAEAD5-2638-427E-BDC3-6C1A93D6F872}.Debug|iPhoneSimulator.Deploy.0 = Debug|Any CPU
		{6BFAEAD5-2638-427E-BDC3-6C1A93D6F872}.Debug|x64.ActiveCfg = Debug|x64
		{6BFAEAD5-2638-427E-BDC3-6C1A93D6F872}.Debug|x64.Build.0 = Debug|x64
		{6BFAEAD5-2638-427E-BDC3-6C1A93D6F872}.Debug|x64.Deploy.0 = Debug|x64
		{6BFAEAD5-2638-427E-BDC3-6C1A93D6F872}.Debug|x86.ActiveCfg = Debug|x86
		{6BFAEAD5-2638-427E-BDC3-6C1A93D6F872}.Debug|x86.Build.0 = Debug|x86
		{6BFAEAD5-2638-427E-BDC3-6C1A93D6F872}.Debug|x86.Deploy.0 = Debug|x86
		{6BFAEAD5-2638-427E-BDC3-6C1A93D6F872}.Release|Any CPU.ActiveCfg = Release|Any CPU
		{6BFAEAD5-2638-427E-BDC3-6C1A93D6F872}.Release|Any CPU.Build.0 = Release|Any CPU
		{6BFAEAD5-2638-427E-BDC3-6C1A93D6F872}.Release|Any CPU.Deploy.0 = Release|Any CPU
		{6BFAEAD5-2638-427E-BDC3-6C1A93D6F872}.Release|ARM.ActiveCfg = Release|ARM
		{6BFAEAD5-2638-427E-BDC3-6C1A93D6F872}.Release|ARM.Build.0 = Release|ARM
		{6BFAEAD5-2638-427E-BDC3-6C1A93D6F872}.Release|ARM.Deploy.0 = Release|ARM
		{6BFAEAD5-2638-427E-BDC3-6C1A93D6F872}.Release|iPhone.ActiveCfg = Release|Any CPU
		{6BFAEAD5-2638-427E-BDC3-6C1A93D6F872}.Release|iPhone.Build.0 = Release|Any CPU
		{6BFAEAD5-2638-427E-BDC3-6C1A93D6F872}.Release|iPhone.Deploy.0 = Release|Any CPU
		{6BFAEAD5-2638-427E-BDC3-6C1A93D6F872}.Release|iPhoneSimulator.ActiveCfg = Release|Any CPU
		{6BFAEAD5-2638-427E-BDC3-6C1A93D6F872}.Release|iPhoneSimulator.Build.0 = Release|Any CPU
		{6BFAEAD5-2638-427E-BDC3-6C1A93D6F872}.Release|iPhoneSimulator.Deploy.0 = Release|Any CPU
		{6BFAEAD5-2638-427E-BDC3-6C1A93D6F872}.Release|x64.ActiveCfg = Release|x64
		{6BFAEAD5-2638-427E-BDC3-6C1A93D6F872}.Release|x64.Build.0 = Release|x64
		{6BFAEAD5-2638-427E-BDC3-6C1A93D6F872}.Release|x64.Deploy.0 = Release|x64
		{6BFAEAD5-2638-427E-BDC3-6C1A93D6F872}.Release|x86.ActiveCfg = Release|x86
		{6BFAEAD5-2638-427E-BDC3-6C1A93D6F872}.Release|x86.Build.0 = Release|x86
		{6BFAEAD5-2638-427E-BDC3-6C1A93D6F872}.Release|x86.Deploy.0 = Release|x86
	EndGlobalSection
	GlobalSection(SolutionProperties) = preSolution
		HideSolutionNode = FALSE
	EndGlobalSection
EndGlobal
